
Microsoft Visual Studio Solution File, Format Version 12.00
Project("{FAE04EC0-301F-11D3-BF4B-00C04F79EFBC}") = "CapTestApp", "CapTestApp\CapTestApp.csproj", "{DDF61A13-3C1C-4B83-9E86-2BAEBDFDE700}"
EndProject
Global
	GlobalSection(SolutionConfigurationPlatforms) = preSolution
		Debug|Any CPU = Debug|Any CPU
		Release|Any CPU = Release|Any CPU
	EndGlobalSection
	GlobalSection(ProjectConfigurationPlatforms) = postSolution
		{DDF61A13-3C1C-4B83-9E86-2BAEBDFDE700}.Debug|Any CPU.ActiveCfg = Debug|Any CPU
		{DDF61A13-3C1C-4B83-9E86-2BAEBDFDE700}.Debug|Any CPU.Build.0 = Debug|Any CPU
		{DDF61A13-3C1C-4B83-9E86-2BAEBDFDE700}.Release|Any CPU.ActiveCfg = Release|Any CPU
		{DDF61A13-3C1C-4B83-9E86-2BAEBDFDE700}.Release|Any CPU.Build.0 = Release|Any CPU
	EndGlobalSection
EndGlobal
