
Microsoft Visual Studio Solution File, Format Version 11.00
# Visual Studio 2010
Project("{FAE04EC0-301F-11D3-BF4B-00C04F79EFBC}") = "Framework.Workflow.BLL", "Framework.Workflow.BLL\Framework.Workflow.BLL.csproj", "{DC5B6175-A048-47F4-AD09-E2EFDB0FB738}"
EndProject
Project("{FAE04EC0-301F-11D3-BF4B-00C04F79EFBC}") = "Framework.Workflow.BLL.Core", "Framework.Workflow.BLL.Core\Framework.Workflow.BLL.Core.csproj", "{5F336EDC-22B7-4526-A665-B970CEF23CA0}"
EndProject
Project("{FAE04EC0-301F-11D3-BF4B-00C04F79EFBC}") = "Framework.Workflow.Domain", "Framework.Workflow.Domain\Framework.Workflow.Domain.csproj", "{4DD563C7-9274-4FC3-84DA-631D770FF88B}"
EndProject
Project("{FAE04EC0-301F-11D3-BF4B-00C04F79EFBC}") = "Framework.Workflow.Domain.Models", "Framework.Workflow.Domain.Models\Framework.Workflow.Domain.Models.csproj", "{47763110-E8D8-4CEA-86C5-37D925C539B2}"
EndProject
Project("{FAE04EC0-301F-11D3-BF4B-00C04F79EFBC}") = "Framework.Workflow.Domain.Test", "Framework.Workflow.Domain.Test\Framework.Workflow.Domain.Test.csproj", "{417E973E-E1CE-4F9D-9A73-C96B0FF6383B}"
EndProject
Project("{FAE04EC0-301F-11D3-BF4B-00C04F79EFBC}") = "Framework.Workflow.Runtime", "Framework.Workflow.Runtime\Framework.Workflow.Runtime.csproj", "{713AD434-8A70-4AF4-95BB-96EEEB57A490}"
EndProject
Project("{2150E333-8FDC-42A3-9474-1A3956D46DE8}") = "Tests", "Tests", "{48D33E24-0FD3-46AD-B7C5-6D06FDC366AD}"
EndProject
Project("{FAE04EC0-301F-11D3-BF4B-00C04F79EFBC}") = "Framework.Workflow.BLL.Test", "_Tests\Framework.Workflow.BLL.Test\Framework.Workflow.BLL.Test.csproj", "{8F045B6E-2D26-45BC-8F63-07E4AF2B184F}"
EndProject
Project("{FAE04EC0-301F-11D3-BF4B-00C04F79EFBC}") = "Framework.Workflow.GraphvizNetWrapper", "Framework.Workflow.GraphvizWrapper\Framework.Workflow.GraphvizNetWrapper.csproj", "{76CB2A37-859A-46F5-8F51-84DD2D07FB1A}"
EndProject
Project("{FAE04EC0-301F-11D3-BF4B-00C04F79EFBC}") = "Framework.Workflow.ServiceGraphFacade", "Framework.Workflow.ServiceGraphFacade\Framework.Workflow.ServiceGraphFacade.csproj", "{F3CDDC04-E4CF-4201-8853-A3BBEFB6F967}"
EndProject
Project("{FAE04EC0-301F-11D3-BF4B-00C04F79EFBC}") = "Framework.Workflow.ServiceEnvironment", "Framework.Workflow.ServiceEnvironment\Framework.Workflow.ServiceEnvironment.csproj", "{5FC037E8-9B91-4966-A572-A536B401EB2E}"
EndProject
Project("{2150E333-8FDC-42A3-9474-1A3956D46DE8}") = "GeneratedLayout", "GeneratedLayout", "{86507BC2-D9BC-43E4-AC80-7C41E5067DCD}"
EndProject
Project("{FAE04EC0-301F-11D3-BF4B-00C04F79EFBC}") = "Framework.Workflow.Generated.DAL.NHibernate", "Framework.Workflow.Generated.DAL.NHibernate\Framework.Workflow.Generated.DAL.NHibernate.csproj", "{0C9BA475-3B4B-463B-BAE6-6E6E5F407B48}"
EndProject
Project("{FAE04EC0-301F-11D3-BF4B-00C04F79EFBC}") = "Framework.Workflow.Generated.DTO", "Framework.Workflow.Generated.DTO\Framework.Workflow.Generated.DTO.csproj", "{D423FBF6-341B-4605-88AD-DE1FB5464CE5}"
EndProject
Global
	GlobalSection(SolutionConfigurationPlatforms) = preSolution
		Debug|Any CPU = Debug|Any CPU
		Debug|Mixed Platforms = Debug|Mixed Platforms
		Debug|x86 = Debug|x86
		DisableNHibernateLog|Any CPU = DisableNHibernateLog|Any CPU
		DisableNHibernateLog|Mixed Platforms = DisableNHibernateLog|Mixed Platforms
		DisableNHibernateLog|x86 = DisableNHibernateLog|x86
		Release|Any CPU = Release|Any CPU
		Release|Mixed Platforms = Release|Mixed Platforms
		Release|x86 = Release|x86
	EndGlobalSection
	GlobalSection(ProjectConfigurationPlatforms) = postSolution
		{DC5B6175-A048-47F4-AD09-E2EFDB0FB738}.Debug|Any CPU.ActiveCfg = Debug|Any CPU
		{DC5B6175-A048-47F4-AD09-E2EFDB0FB738}.Debug|Any CPU.Build.0 = Debug|Any CPU
		{DC5B6175-A048-47F4-AD09-E2EFDB0FB738}.Debug|Mixed Platforms.ActiveCfg = Debug|Any CPU
		{DC5B6175-A048-47F4-AD09-E2EFDB0FB738}.Debug|Mixed Platforms.Build.0 = Debug|Any CPU
		{DC5B6175-A048-47F4-AD09-E2EFDB0FB738}.Debug|x86.ActiveCfg = Debug|Any CPU
		{DC5B6175-A048-47F4-AD09-E2EFDB0FB738}.DisableNHibernateLog|Any CPU.ActiveCfg = Debug|Any CPU
		{DC5B6175-A048-47F4-AD09-E2EFDB0FB738}.DisableNHibernateLog|Any CPU.Build.0 = Debug|Any CPU
		{DC5B6175-A048-47F4-AD09-E2EFDB0FB738}.DisableNHibernateLog|Mixed Platforms.ActiveCfg = Debug|Any CPU
		{DC5B6175-A048-47F4-AD09-E2EFDB0FB738}.DisableNHibernateLog|Mixed Platforms.Build.0 = Debug|Any CPU
		{DC5B6175-A048-47F4-AD09-E2EFDB0FB738}.DisableNHibernateLog|x86.ActiveCfg = Debug|Any CPU
		{DC5B6175-A048-47F4-AD09-E2EFDB0FB738}.Release|Any CPU.ActiveCfg = Release|Any CPU
		{DC5B6175-A048-47F4-AD09-E2EFDB0FB738}.Release|Any CPU.Build.0 = Release|Any CPU
		{DC5B6175-A048-47F4-AD09-E2EFDB0FB738}.Release|Mixed Platforms.ActiveCfg = Release|Any CPU
		{DC5B6175-A048-47F4-AD09-E2EFDB0FB738}.Release|Mixed Platforms.Build.0 = Release|Any CPU
		{DC5B6175-A048-47F4-AD09-E2EFDB0FB738}.Release|x86.ActiveCfg = Release|Any CPU
		{5F336EDC-22B7-4526-A665-B970CEF23CA0}.Debug|Any CPU.ActiveCfg = Debug|Any CPU
		{5F336EDC-22B7-4526-A665-B970CEF23CA0}.Debug|Any CPU.Build.0 = Debug|Any CPU
		{5F336EDC-22B7-4526-A665-B970CEF23CA0}.Debug|Mixed Platforms.ActiveCfg = Debug|Any CPU
		{5F336EDC-22B7-4526-A665-B970CEF23CA0}.Debug|Mixed Platforms.Build.0 = Debug|Any CPU
		{5F336EDC-22B7-4526-A665-B970CEF23CA0}.Debug|x86.ActiveCfg = Debug|Any CPU
		{5F336EDC-22B7-4526-A665-B970CEF23CA0}.DisableNHibernateLog|Any CPU.ActiveCfg = Debug|Any CPU
		{5F336EDC-22B7-4526-A665-B970CEF23CA0}.DisableNHibernateLog|Any CPU.Build.0 = Debug|Any CPU
		{5F336EDC-22B7-4526-A665-B970CEF23CA0}.DisableNHibernateLog|Mixed Platforms.ActiveCfg = Debug|Any CPU
		{5F336EDC-22B7-4526-A665-B970CEF23CA0}.DisableNHibernateLog|Mixed Platforms.Build.0 = Debug|Any CPU
		{5F336EDC-22B7-4526-A665-B970CEF23CA0}.DisableNHibernateLog|x86.ActiveCfg = Debug|Any CPU
		{5F336EDC-22B7-4526-A665-B970CEF23CA0}.Release|Any CPU.ActiveCfg = Release|Any CPU
		{5F336EDC-22B7-4526-A665-B970CEF23CA0}.Release|Any CPU.Build.0 = Release|Any CPU
		{5F336EDC-22B7-4526-A665-B970CEF23CA0}.Release|Mixed Platforms.ActiveCfg = Release|Any CPU
		{5F336EDC-22B7-4526-A665-B970CEF23CA0}.Release|Mixed Platforms.Build.0 = Release|Any CPU
		{5F336EDC-22B7-4526-A665-B970CEF23CA0}.Release|x86.ActiveCfg = Release|Any CPU
		{4DD563C7-9274-4FC3-84DA-631D770FF88B}.Debug|Any CPU.ActiveCfg = Debug|Any CPU
		{4DD563C7-9274-4FC3-84DA-631D770FF88B}.Debug|Any CPU.Build.0 = Debug|Any CPU
		{4DD563C7-9274-4FC3-84DA-631D770FF88B}.Debug|Mixed Platforms.ActiveCfg = Debug|Any CPU
		{4DD563C7-9274-4FC3-84DA-631D770FF88B}.Debug|Mixed Platforms.Build.0 = Debug|Any CPU
		{4DD563C7-9274-4FC3-84DA-631D770FF88B}.Debug|x86.ActiveCfg = Debug|Any CPU
		{4DD563C7-9274-4FC3-84DA-631D770FF88B}.DisableNHibernateLog|Any CPU.ActiveCfg = Debug|Any CPU
		{4DD563C7-9274-4FC3-84DA-631D770FF88B}.DisableNHibernateLog|Any CPU.Build.0 = Debug|Any CPU
		{4DD563C7-9274-4FC3-84DA-631D770FF88B}.DisableNHibernateLog|Mixed Platforms.ActiveCfg = Debug|Any CPU
		{4DD563C7-9274-4FC3-84DA-631D770FF88B}.DisableNHibernateLog|Mixed Platforms.Build.0 = Debug|Any CPU
		{4DD563C7-9274-4FC3-84DA-631D770FF88B}.DisableNHibernateLog|x86.ActiveCfg = Debug|Any CPU
		{4DD563C7-9274-4FC3-84DA-631D770FF88B}.Release|Any CPU.ActiveCfg = Release|Any CPU
		{4DD563C7-9274-4FC3-84DA-631D770FF88B}.Release|Any CPU.Build.0 = Release|Any CPU
		{4DD563C7-9274-4FC3-84DA-631D770FF88B}.Release|Mixed Platforms.ActiveCfg = Release|Any CPU
		{4DD563C7-9274-4FC3-84DA-631D770FF88B}.Release|Mixed Platforms.Build.0 = Release|Any CPU
		{4DD563C7-9274-4FC3-84DA-631D770FF88B}.Release|x86.ActiveCfg = Release|Any CPU
		{47763110-E8D8-4CEA-86C5-37D925C539B2}.Debug|Any CPU.ActiveCfg = Debug|Any CPU
		{47763110-E8D8-4CEA-86C5-37D925C539B2}.Debug|Any CPU.Build.0 = Debug|Any CPU
		{47763110-E8D8-4CEA-86C5-37D925C539B2}.Debug|Mixed Platforms.ActiveCfg = Debug|Any CPU
		{47763110-E8D8-4CEA-86C5-37D925C539B2}.Debug|Mixed Platforms.Build.0 = Debug|Any CPU
		{47763110-E8D8-4CEA-86C5-37D925C539B2}.Debug|x86.ActiveCfg = Debug|Any CPU
		{47763110-E8D8-4CEA-86C5-37D925C539B2}.DisableNHibernateLog|Any CPU.ActiveCfg = Debug|Any CPU
		{47763110-E8D8-4CEA-86C5-37D925C539B2}.DisableNHibernateLog|Any CPU.Build.0 = Debug|Any CPU
		{47763110-E8D8-4CEA-86C5-37D925C539B2}.DisableNHibernateLog|Mixed Platforms.ActiveCfg = Debug|Any CPU
		{47763110-E8D8-4CEA-86C5-37D925C539B2}.DisableNHibernateLog|Mixed Platforms.Build.0 = Debug|Any CPU
		{47763110-E8D8-4CEA-86C5-37D925C539B2}.DisableNHibernateLog|x86.ActiveCfg = Debug|Any CPU
		{47763110-E8D8-4CEA-86C5-37D925C539B2}.Release|Any CPU.ActiveCfg = Release|Any CPU
		{47763110-E8D8-4CEA-86C5-37D925C539B2}.Release|Any CPU.Build.0 = Release|Any CPU
		{47763110-E8D8-4CEA-86C5-37D925C539B2}.Release|Mixed Platforms.ActiveCfg = Release|Any CPU
		{47763110-E8D8-4CEA-86C5-37D925C539B2}.Release|Mixed Platforms.Build.0 = Release|Any CPU
		{47763110-E8D8-4CEA-86C5-37D925C539B2}.Release|x86.ActiveCfg = Release|Any CPU
		{417E973E-E1CE-4F9D-9A73-C96B0FF6383B}.Debug|Any CPU.ActiveCfg = Debug|Any CPU
		{417E973E-E1CE-4F9D-9A73-C96B0FF6383B}.Debug|Any CPU.Build.0 = Debug|Any CPU
		{417E973E-E1CE-4F9D-9A73-C96B0FF6383B}.Debug|Mixed Platforms.ActiveCfg = Debug|Any CPU
		{417E973E-E1CE-4F9D-9A73-C96B0FF6383B}.Debug|Mixed Platforms.Build.0 = Debug|Any CPU
		{417E973E-E1CE-4F9D-9A73-C96B0FF6383B}.Debug|x86.ActiveCfg = Debug|Any CPU
		{417E973E-E1CE-4F9D-9A73-C96B0FF6383B}.DisableNHibernateLog|Any CPU.ActiveCfg = Debug|Any CPU
		{417E973E-E1CE-4F9D-9A73-C96B0FF6383B}.DisableNHibernateLog|Any CPU.Build.0 = Debug|Any CPU
		{417E973E-E1CE-4F9D-9A73-C96B0FF6383B}.DisableNHibernateLog|Mixed Platforms.ActiveCfg = Debug|Any CPU
		{417E973E-E1CE-4F9D-9A73-C96B0FF6383B}.DisableNHibernateLog|Mixed Platforms.Build.0 = Debug|Any CPU
		{417E973E-E1CE-4F9D-9A73-C96B0FF6383B}.DisableNHibernateLog|x86.ActiveCfg = Debug|Any CPU
		{417E973E-E1CE-4F9D-9A73-C96B0FF6383B}.Release|Any CPU.ActiveCfg = Release|Any CPU
		{417E973E-E1CE-4F9D-9A73-C96B0FF6383B}.Release|Any CPU.Build.0 = Release|Any CPU
		{417E973E-E1CE-4F9D-9A73-C96B0FF6383B}.Release|Mixed Platforms.ActiveCfg = Release|Any CPU
		{417E973E-E1CE-4F9D-9A73-C96B0FF6383B}.Release|Mixed Platforms.Build.0 = Release|Any CPU
		{417E973E-E1CE-4F9D-9A73-C96B0FF6383B}.Release|x86.ActiveCfg = Release|Any CPU
		{713AD434-8A70-4AF4-95BB-96EEEB57A490}.Debug|Any CPU.ActiveCfg = Debug|Any CPU
		{713AD434-8A70-4AF4-95BB-96EEEB57A490}.Debug|Any CPU.Build.0 = Debug|Any CPU
		{713AD434-8A70-4AF4-95BB-96EEEB57A490}.Debug|Mixed Platforms.ActiveCfg = Debug|Any CPU
		{713AD434-8A70-4AF4-95BB-96EEEB57A490}.Debug|Mixed Platforms.Build.0 = Debug|Any CPU
		{713AD434-8A70-4AF4-95BB-96EEEB57A490}.Debug|x86.ActiveCfg = Debug|Any CPU
		{713AD434-8A70-4AF4-95BB-96EEEB57A490}.DisableNHibernateLog|Any CPU.ActiveCfg = Debug|Any CPU
		{713AD434-8A70-4AF4-95BB-96EEEB57A490}.DisableNHibernateLog|Any CPU.Build.0 = Debug|Any CPU
		{713AD434-8A70-4AF4-95BB-96EEEB57A490}.DisableNHibernateLog|Mixed Platforms.ActiveCfg = Debug|Any CPU
		{713AD434-8A70-4AF4-95BB-96EEEB57A490}.DisableNHibernateLog|Mixed Platforms.Build.0 = Debug|Any CPU
		{713AD434-8A70-4AF4-95BB-96EEEB57A490}.DisableNHibernateLog|x86.ActiveCfg = Debug|Any CPU
		{713AD434-8A70-4AF4-95BB-96EEEB57A490}.Release|Any CPU.ActiveCfg = Release|Any CPU
		{713AD434-8A70-4AF4-95BB-96EEEB57A490}.Release|Any CPU.Build.0 = Release|Any CPU
		{713AD434-8A70-4AF4-95BB-96EEEB57A490}.Release|Mixed Platforms.ActiveCfg = Release|Any CPU
		{713AD434-8A70-4AF4-95BB-96EEEB57A490}.Release|Mixed Platforms.Build.0 = Release|Any CPU
		{713AD434-8A70-4AF4-95BB-96EEEB57A490}.Release|x86.ActiveCfg = Release|Any CPU
		{8F045B6E-2D26-45BC-8F63-07E4AF2B184F}.Debug|Any CPU.ActiveCfg = Debug|Any CPU
		{8F045B6E-2D26-45BC-8F63-07E4AF2B184F}.Debug|Any CPU.Build.0 = Debug|Any CPU
		{8F045B6E-2D26-45BC-8F63-07E4AF2B184F}.Debug|Mixed Platforms.ActiveCfg = Debug|Any CPU
		{8F045B6E-2D26-45BC-8F63-07E4AF2B184F}.Debug|Mixed Platforms.Build.0 = Debug|Any CPU
		{8F045B6E-2D26-45BC-8F63-07E4AF2B184F}.Debug|x86.ActiveCfg = Debug|Any CPU
		{8F045B6E-2D26-45BC-8F63-07E4AF2B184F}.DisableNHibernateLog|Any CPU.ActiveCfg = Debug|Any CPU
		{8F045B6E-2D26-45BC-8F63-07E4AF2B184F}.DisableNHibernateLog|Any CPU.Build.0 = Debug|Any CPU
		{8F045B6E-2D26-45BC-8F63-07E4AF2B184F}.DisableNHibernateLog|Mixed Platforms.ActiveCfg = Debug|Any CPU
		{8F045B6E-2D26-45BC-8F63-07E4AF2B184F}.DisableNHibernateLog|Mixed Platforms.Build.0 = Debug|Any CPU
		{8F045B6E-2D26-45BC-8F63-07E4AF2B184F}.DisableNHibernateLog|x86.ActiveCfg = Debug|Any CPU
		{8F045B6E-2D26-45BC-8F63-07E4AF2B184F}.Release|Any CPU.ActiveCfg = Release|Any CPU
		{8F045B6E-2D26-45BC-8F63-07E4AF2B184F}.Release|Any CPU.Build.0 = Release|Any CPU
		{8F045B6E-2D26-45BC-8F63-07E4AF2B184F}.Release|Mixed Platforms.ActiveCfg = Release|Any CPU
		{8F045B6E-2D26-45BC-8F63-07E4AF2B184F}.Release|Mixed Platforms.Build.0 = Release|Any CPU
		{8F045B6E-2D26-45BC-8F63-07E4AF2B184F}.Release|x86.ActiveCfg = Release|Any CPU
		{76CB2A37-859A-46F5-8F51-84DD2D07FB1A}.Debug|Any CPU.ActiveCfg = Debug|Any CPU
		{76CB2A37-859A-46F5-8F51-84DD2D07FB1A}.Debug|Any CPU.Build.0 = Debug|Any CPU
		{76CB2A37-859A-46F5-8F51-84DD2D07FB1A}.Debug|Mixed Platforms.ActiveCfg = Debug|Any CPU
		{76CB2A37-859A-46F5-8F51-84DD2D07FB1A}.Debug|Mixed Platforms.Build.0 = Debug|Any CPU
		{76CB2A37-859A-46F5-8F51-84DD2D07FB1A}.Debug|x86.ActiveCfg = Debug|Any CPU
		{76CB2A37-859A-46F5-8F51-84DD2D07FB1A}.DisableNHibernateLog|Any CPU.ActiveCfg = Debug|Any CPU
		{76CB2A37-859A-46F5-8F51-84DD2D07FB1A}.DisableNHibernateLog|Any CPU.Build.0 = Debug|Any CPU
		{76CB2A37-859A-46F5-8F51-84DD2D07FB1A}.DisableNHibernateLog|Mixed Platforms.ActiveCfg = Debug|Any CPU
		{76CB2A37-859A-46F5-8F51-84DD2D07FB1A}.DisableNHibernateLog|Mixed Platforms.Build.0 = Debug|Any CPU
		{76CB2A37-859A-46F5-8F51-84DD2D07FB1A}.DisableNHibernateLog|x86.ActiveCfg = Debug|Any CPU
		{76CB2A37-859A-46F5-8F51-84DD2D07FB1A}.Release|Any CPU.ActiveCfg = Release|Any CPU
		{76CB2A37-859A-46F5-8F51-84DD2D07FB1A}.Release|Any CPU.Build.0 = Release|Any CPU
		{76CB2A37-859A-46F5-8F51-84DD2D07FB1A}.Release|Mixed Platforms.ActiveCfg = Release|Any CPU
		{76CB2A37-859A-46F5-8F51-84DD2D07FB1A}.Release|Mixed Platforms.Build.0 = Release|Any CPU
		{76CB2A37-859A-46F5-8F51-84DD2D07FB1A}.Release|x86.ActiveCfg = Release|Any CPU
		{F3CDDC04-E4CF-4201-8853-A3BBEFB6F967}.Debug|Any CPU.ActiveCfg = Debug|Any CPU
		{F3CDDC04-E4CF-4201-8853-A3BBEFB6F967}.Debug|Any CPU.Build.0 = Debug|Any CPU
		{F3CDDC04-E4CF-4201-8853-A3BBEFB6F967}.Debug|Mixed Platforms.ActiveCfg = Debug|Any CPU
		{F3CDDC04-E4CF-4201-8853-A3BBEFB6F967}.Debug|Mixed Platforms.Build.0 = Debug|Any CPU
		{F3CDDC04-E4CF-4201-8853-A3BBEFB6F967}.Debug|x86.ActiveCfg = Debug|Any CPU
		{F3CDDC04-E4CF-4201-8853-A3BBEFB6F967}.DisableNHibernateLog|Any CPU.ActiveCfg = Debug|Any CPU
		{F3CDDC04-E4CF-4201-8853-A3BBEFB6F967}.DisableNHibernateLog|Any CPU.Build.0 = Debug|Any CPU
		{F3CDDC04-E4CF-4201-8853-A3BBEFB6F967}.DisableNHibernateLog|Mixed Platforms.ActiveCfg = Debug|Any CPU
		{F3CDDC04-E4CF-4201-8853-A3BBEFB6F967}.DisableNHibernateLog|Mixed Platforms.Build.0 = Debug|Any CPU
		{F3CDDC04-E4CF-4201-8853-A3BBEFB6F967}.DisableNHibernateLog|x86.ActiveCfg = Debug|Any CPU
		{F3CDDC04-E4CF-4201-8853-A3BBEFB6F967}.Release|Any CPU.ActiveCfg = Release|Any CPU
		{F3CDDC04-E4CF-4201-8853-A3BBEFB6F967}.Release|Any CPU.Build.0 = Release|Any CPU
		{F3CDDC04-E4CF-4201-8853-A3BBEFB6F967}.Release|Mixed Platforms.ActiveCfg = Release|Any CPU
		{F3CDDC04-E4CF-4201-8853-A3BBEFB6F967}.Release|Mixed Platforms.Build.0 = Release|Any CPU
		{F3CDDC04-E4CF-4201-8853-A3BBEFB6F967}.Release|x86.ActiveCfg = Release|Any CPU
		{5FC037E8-9B91-4966-A572-A536B401EB2E}.Debug|Any CPU.ActiveCfg = Debug|Any CPU
		{5FC037E8-9B91-4966-A572-A536B401EB2E}.Debug|Any CPU.Build.0 = Debug|Any CPU
		{5FC037E8-9B91-4966-A572-A536B401EB2E}.Debug|Mixed Platforms.ActiveCfg = Debug|Any CPU
		{5FC037E8-9B91-4966-A572-A536B401EB2E}.Debug|Mixed Platforms.Build.0 = Debug|Any CPU
		{5FC037E8-9B91-4966-A572-A536B401EB2E}.Debug|x86.ActiveCfg = Debug|Any CPU
		{5FC037E8-9B91-4966-A572-A536B401EB2E}.DisableNHibernateLog|Any CPU.ActiveCfg = Debug|Any CPU
		{5FC037E8-9B91-4966-A572-A536B401EB2E}.DisableNHibernateLog|Any CPU.Build.0 = Debug|Any CPU
		{5FC037E8-9B91-4966-A572-A536B401EB2E}.DisableNHibernateLog|Mixed Platforms.ActiveCfg = Debug|Any CPU
		{5FC037E8-9B91-4966-A572-A536B401EB2E}.DisableNHibernateLog|Mixed Platforms.Build.0 = Debug|Any CPU
		{5FC037E8-9B91-4966-A572-A536B401EB2E}.DisableNHibernateLog|x86.ActiveCfg = Debug|Any CPU
		{5FC037E8-9B91-4966-A572-A536B401EB2E}.Release|Any CPU.ActiveCfg = Release|Any CPU
		{5FC037E8-9B91-4966-A572-A536B401EB2E}.Release|Any CPU.Build.0 = Release|Any CPU
		{5FC037E8-9B91-4966-A572-A536B401EB2E}.Release|Mixed Platforms.ActiveCfg = Release|Any CPU
		{5FC037E8-9B91-4966-A572-A536B401EB2E}.Release|Mixed Platforms.Build.0 = Release|Any CPU
		{5FC037E8-9B91-4966-A572-A536B401EB2E}.Release|x86.ActiveCfg = Release|Any CPU
		{0C9BA475-3B4B-463B-BAE6-6E6E5F407B48}.Debug|Any CPU.ActiveCfg = Debug|Any CPU
		{0C9BA475-3B4B-463B-BAE6-6E6E5F407B48}.Debug|Any CPU.Build.0 = Debug|Any CPU
		{0C9BA475-3B4B-463B-BAE6-6E6E5F407B48}.Debug|Mixed Platforms.ActiveCfg = Debug|Any CPU
		{0C9BA475-3B4B-463B-BAE6-6E6E5F407B48}.Debug|Mixed Platforms.Build.0 = Debug|Any CPU
		{0C9BA475-3B4B-463B-BAE6-6E6E5F407B48}.Debug|x86.ActiveCfg = Debug|Any CPU
		{0C9BA475-3B4B-463B-BAE6-6E6E5F407B48}.DisableNHibernateLog|Any CPU.ActiveCfg = Debug|Any CPU
		{0C9BA475-3B4B-463B-BAE6-6E6E5F407B48}.DisableNHibernateLog|Any CPU.Build.0 = Debug|Any CPU
		{0C9BA475-3B4B-463B-BAE6-6E6E5F407B48}.DisableNHibernateLog|Mixed Platforms.ActiveCfg = Debug|Any CPU
		{0C9BA475-3B4B-463B-BAE6-6E6E5F407B48}.DisableNHibernateLog|Mixed Platforms.Build.0 = Debug|Any CPU
		{0C9BA475-3B4B-463B-BAE6-6E6E5F407B48}.DisableNHibernateLog|x86.ActiveCfg = Debug|Any CPU
		{0C9BA475-3B4B-463B-BAE6-6E6E5F407B48}.Release|Any CPU.ActiveCfg = Release|Any CPU
		{0C9BA475-3B4B-463B-BAE6-6E6E5F407B48}.Release|Any CPU.Build.0 = Release|Any CPU
		{0C9BA475-3B4B-463B-BAE6-6E6E5F407B48}.Release|Mixed Platforms.ActiveCfg = Release|Any CPU
		{0C9BA475-3B4B-463B-BAE6-6E6E5F407B48}.Release|Mixed Platforms.Build.0 = Release|Any CPU
		{0C9BA475-3B4B-463B-BAE6-6E6E5F407B48}.Release|x86.ActiveCfg = Release|Any CPU
		{D423FBF6-341B-4605-88AD-DE1FB5464CE5}.Debug|Any CPU.ActiveCfg = Debug|Any CPU
		{D423FBF6-341B-4605-88AD-DE1FB5464CE5}.Debug|Any CPU.Build.0 = Debug|Any CPU
		{D423FBF6-341B-4605-88AD-DE1FB5464CE5}.Debug|Mixed Platforms.ActiveCfg = Debug|Any CPU
		{D423FBF6-341B-4605-88AD-DE1FB5464CE5}.Debug|Mixed Platforms.Build.0 = Debug|Any CPU
		{D423FBF6-341B-4605-88AD-DE1FB5464CE5}.Debug|x86.ActiveCfg = Debug|Any CPU
		{D423FBF6-341B-4605-88AD-DE1FB5464CE5}.DisableNHibernateLog|Any CPU.ActiveCfg = Debug|Any CPU
		{D423FBF6-341B-4605-88AD-DE1FB5464CE5}.DisableNHibernateLog|Any CPU.Build.0 = Debug|Any CPU
		{D423FBF6-341B-4605-88AD-DE1FB5464CE5}.DisableNHibernateLog|Mixed Platforms.ActiveCfg = Debug|Any CPU
		{D423FBF6-341B-4605-88AD-DE1FB5464CE5}.DisableNHibernateLog|Mixed Platforms.Build.0 = Debug|Any CPU
		{D423FBF6-341B-4605-88AD-DE1FB5464CE5}.DisableNHibernateLog|x86.ActiveCfg = Debug|Any CPU
		{D423FBF6-341B-4605-88AD-DE1FB5464CE5}.Release|Any CPU.ActiveCfg = Release|Any CPU
		{D423FBF6-341B-4605-88AD-DE1FB5464CE5}.Release|Any CPU.Build.0 = Release|Any CPU
		{D423FBF6-341B-4605-88AD-DE1FB5464CE5}.Release|Mixed Platforms.ActiveCfg = Release|Any CPU
		{D423FBF6-341B-4605-88AD-DE1FB5464CE5}.Release|Mixed Platforms.Build.0 = Release|Any CPU
		{D423FBF6-341B-4605-88AD-DE1FB5464CE5}.Release|x86.ActiveCfg = Release|Any CPU
	EndGlobalSection
	GlobalSection(SolutionProperties) = preSolution
		HideSolutionNode = FALSE
	EndGlobalSection
	GlobalSection(NestedProjects) = preSolution
		{8F045B6E-2D26-45BC-8F63-07E4AF2B184F} = {48D33E24-0FD3-46AD-B7C5-6D06FDC366AD}
		{0C9BA475-3B4B-463B-BAE6-6E6E5F407B48} = {86507BC2-D9BC-43E4-AC80-7C41E5067DCD}
		{D423FBF6-341B-4605-88AD-DE1FB5464CE5} = {86507BC2-D9BC-43E4-AC80-7C41E5067DCD}
	EndGlobalSection
EndGlobal
